
Microsoft Visual Studio Solution File, Format Version 12.00
# Visual Studio Version 16
VisualStudioVersion = 16.0.32901.82
MinimumVisualStudioVersion = 10.0.40219.1
Project("{FAE04EC0-301F-11D3-BF4B-00C04F79EFBC}") = "SendInvoice", "SendInvoice\SendInvoice.csproj", "{0FED4491-B217-4073-B85D-3E85EFCD6B0B}"
EndProject
Global
	GlobalSection(SolutionConfigurationPlatforms) = preSolution
		Debug|Any CPU = Debug|Any CPU
		Debug|x64 = Debug|x64
		Debug|x86 = Debug|x86
		Release|Any CPU = Release|Any CPU
		Release|x64 = Release|x64
		Release|x86 = Release|x86
	EndGlobalSection
	GlobalSection(ProjectConfigurationPlatforms) = postSolution
		{0FED4491-B217-4073-B85D-3E85EFCD6B0B}.Debug|Any CPU.ActiveCfg = Debug|Any CPU
		{0FED4491-B217-4073-B85D-3E85EFCD6B0B}.Debug|Any CPU.Build.0 = Debug|Any CPU
		{0FED4491-B217-4073-B85D-3E85EFCD6B0B}.Debug|x64.ActiveCfg = Debug|x64
		{0FED4491-B217-4073-B85D-3E85EFCD6B0B}.Debug|x64.Build.0 = Debug|x64
		{0FED4491-B217-4073-B85D-3E85EFCD6B0B}.Debug|x86.ActiveCfg = Debug|x86
		{0FED4491-B217-4073-B85D-3E85EFCD6B0B}.Debug|x86.Build.0 = Debug|x86
		{0FED4491-B217-4073-B85D-3E85EFCD6B0B}.Release|Any CPU.ActiveCfg = Release|Any CPU
		{0FED4491-B217-4073-B85D-3E85EFCD6B0B}.Release|Any CPU.Build.0 = Release|Any CPU
		{0FED4491-B217-4073-B85D-3E85EFCD6B0B}.Release|x64.ActiveCfg = Release|Any CPU
		{0FED4491-B217-4073-B85D-3E85EFCD6B0B}.Release|x64.Build.0 = Release|Any CPU
		{0FED4491-B217-4073-B85D-3E85EFCD6B0B}.Release|x86.ActiveCfg = Release|Any CPU
		{0FED4491-B217-4073-B85D-3E85EFCD6B0B}.Release|x86.Build.0 = Release|Any CPU
	EndGlobalSection
	GlobalSection(SolutionProperties) = preSolution
		HideSolutionNode = FALSE
	EndGlobalSection
	GlobalSection(ExtensibilityGlobals) = postSolution
		SolutionGuid = {1811106B-8E46-43D5-84F6-0B07491AE61A}
	EndGlobalSection
EndGlobal
